<?xml version="1.0" encoding="UTF-8"?>
<CodeBlocks_project_file>
	<FileVersion major="1" minor="6"/>
	<Project>
		<Option title="tetris"/>
		<Option makefile_is_custom="1"/>
		<Option compiler="gcc"/>
		<Option virtualFolders="CMake Files\;CMake Files\..\;CMake Files\..\..\;CMake Files\..\..\..\;CMake Files\..\..\..\..\;CMake Files\..\..\..\..\..\;CMake Files\..\..\..\..\..\usr\;CMake Files\..\..\..\..\..\usr\local\;CMake Files\..\..\..\..\..\usr\local\lib\;CMake Files\..\..\..\..\..\usr\local\lib\cmake\;CMake Files\..\..\..\..\..\usr\local\lib\cmake\SDL2\;"/>
		<Build>
			<Target title="all">
				<Option working_dir="/home/MIk/prct/Games/tetris/build-Debug"/>
				<Option type="4"/>
				<MakeCommands>
					<Build command="/usr/bin/ninja-build -v all"/>
					<CompileFile command="/usr/bin/ninja-build -v &quot;$file&quot;"/>
					<Clean command="/usr/bin/ninja-build -v clean"/>
					<DistClean command="/usr/bin/ninja-build -v clean"/>
				</MakeCommands>
			</Target>
			<Target title="edit_cache">
				<Option working_dir="/home/MIk/prct/Games/tetris/build-Debug"/>
				<Option type="4"/>
				<MakeCommands>
					<Build command="/usr/bin/ninja-build -v edit_cache"/>
					<CompileFile command="/usr/bin/ninja-build -v &quot;$file&quot;"/>
					<Clean command="/usr/bin/ninja-build -v clean"/>
					<DistClean command="/usr/bin/ninja-build -v clean"/>
				</MakeCommands>
			</Target>
			<Target title="rebuild_cache">
				<Option working_dir="/home/MIk/prct/Games/tetris/build-Debug"/>
				<Option type="4"/>
				<MakeCommands>
					<Build command="/usr/bin/ninja-build -v rebuild_cache"/>
					<CompileFile command="/usr/bin/ninja-build -v &quot;$file&quot;"/>
					<Clean command="/usr/bin/ninja-build -v clean"/>
					<DistClean command="/usr/bin/ninja-build -v clean"/>
				</MakeCommands>
			</Target>
			<Target title="engine">
				<Option output="/home/MIk/prct/Games/tetris/build-Debug/libengine.so" prefix_auto="0" extension_auto="0"/>
				<Option working_dir="/home/MIk/prct/Games/tetris/build-Debug"/>
				<Option object_output="./"/>
				<Option type="3"/>
				<Option compiler="gcc"/>
				<Compiler>
					<Add directory="/usr/local/include/SDL2"/>
					<Add directory="/usr/lib/gcc/x86_64-redhat-linux/9/../../../../include/c++/9"/>
					<Add directory="/usr/lib/gcc/x86_64-redhat-linux/9/../../../../include/c++/9/x86_64-redhat-linux"/>
					<Add directory="/usr/lib/gcc/x86_64-redhat-linux/9/../../../../include/c++/9/backward"/>
					<Add directory="/usr/lib/gcc/x86_64-redhat-linux/9/include"/>
					<Add directory="/usr/local/include"/>
					<Add directory="/usr/include"/>
				</Compiler>
				<MakeCommands>
					<Build command="/usr/bin/ninja-build -v engine"/>
					<CompileFile command="/usr/bin/ninja-build -v &quot;$file&quot;"/>
					<Clean command="/usr/bin/ninja-build -v clean"/>
					<DistClean command="/usr/bin/ninja-build -v clean"/>
				</MakeCommands>
			</Target>
			<Target title="engine/fast">
				<Option output="/home/MIk/prct/Games/tetris/build-Debug/libengine.so" prefix_auto="0" extension_auto="0"/>
				<Option working_dir="/home/MIk/prct/Games/tetris/build-Debug"/>
				<Option object_output="./"/>
				<Option type="3"/>
				<Option compiler="gcc"/>
				<Compiler>
					<Add directory="/usr/local/include/SDL2"/>
					<Add directory="/usr/lib/gcc/x86_64-redhat-linux/9/../../../../include/c++/9"/>
					<Add directory="/usr/lib/gcc/x86_64-redhat-linux/9/../../../../include/c++/9/x86_64-redhat-linux"/>
					<Add directory="/usr/lib/gcc/x86_64-redhat-linux/9/../../../../include/c++/9/backward"/>
					<Add directory="/usr/lib/gcc/x86_64-redhat-linux/9/include"/>
					<Add directory="/usr/local/include"/>
					<Add directory="/usr/include"/>
				</Compiler>
				<MakeCommands>
					<Build command="/usr/bin/ninja-build -v engine/fast"/>
					<CompileFile command="/usr/bin/ninja-build -v &quot;$file&quot;"/>
					<Clean command="/usr/bin/ninja-build -v clean"/>
					<DistClean command="/usr/bin/ninja-build -v clean"/>
				</MakeCommands>
			</Target>
			<Target title="game">
				<Option output="/home/MIk/prct/Games/tetris/build-Debug/game" prefix_auto="0" extension_auto="0"/>
				<Option working_dir="/home/MIk/prct/Games/tetris/build-Debug"/>
				<Option object_output="./"/>
				<Option type="1"/>
				<Option compiler="gcc"/>
				<Compiler>
					<Add directory="/usr/lib/gcc/x86_64-redhat-linux/9/../../../../include/c++/9"/>
					<Add directory="/usr/lib/gcc/x86_64-redhat-linux/9/../../../../include/c++/9/x86_64-redhat-linux"/>
					<Add directory="/usr/lib/gcc/x86_64-redhat-linux/9/../../../../include/c++/9/backward"/>
					<Add directory="/usr/lib/gcc/x86_64-redhat-linux/9/include"/>
					<Add directory="/usr/local/include"/>
					<Add directory="/usr/include"/>
				</Compiler>
				<MakeCommands>
					<Build command="/usr/bin/ninja-build -v game"/>
					<CompileFile command="/usr/bin/ninja-build -v &quot;$file&quot;"/>
					<Clean command="/usr/bin/ninja-build -v clean"/>
					<DistClean command="/usr/bin/ninja-build -v clean"/>
				</MakeCommands>
			</Target>
			<Target title="game/fast">
				<Option output="/home/MIk/prct/Games/tetris/build-Debug/game" prefix_auto="0" extension_auto="0"/>
				<Option working_dir="/home/MIk/prct/Games/tetris/build-Debug"/>
				<Option object_output="./"/>
				<Option type="1"/>
				<Option compiler="gcc"/>
				<Compiler>
					<Add directory="/usr/lib/gcc/x86_64-redhat-linux/9/../../../../include/c++/9"/>
					<Add directory="/usr/lib/gcc/x86_64-redhat-linux/9/../../../../include/c++/9/x86_64-redhat-linux"/>
					<Add directory="/usr/lib/gcc/x86_64-redhat-linux/9/../../../../include/c++/9/backward"/>
					<Add directory="/usr/lib/gcc/x86_64-redhat-linux/9/include"/>
					<Add directory="/usr/local/include"/>
					<Add directory="/usr/include"/>
				</Compiler>
				<MakeCommands>
					<Build command="/usr/bin/ninja-build -v game/fast"/>
					<CompileFile command="/usr/bin/ninja-build -v &quot;$file&quot;"/>
					<Clean command="/usr/bin/ninja-build -v clean"/>
					<DistClean command="/usr/bin/ninja-build -v clean"/>
				</MakeCommands>
			</Target>
		</Build>
		<Unit filename="/home/MIk/prct/Games/tetris/color.cxx">
			<Option target="engine"/>
		</Unit>
		<Unit filename="/home/MIk/prct/Games/tetris/color.hxx">
			<Option target="engine"/>
		</Unit>
		<Unit filename="/home/MIk/prct/Games/tetris/engine.cxx">
			<Option target="engine"/>
		</Unit>
		<Unit filename="/home/MIk/prct/Games/tetris/engine.hxx">
			<Option target="engine"/>
		</Unit>
		<Unit filename="/home/MIk/prct/Games/tetris/field.cxx">
			<Option target="game"/>
		</Unit>
		<Unit filename="/home/MIk/prct/Games/tetris/field.hxx">
			<Option target="game"/>
		</Unit>
		<Unit filename="/home/MIk/prct/Games/tetris/glad/glad.c">
			<Option target="engine"/>
		</Unit>
		<Unit filename="/home/MIk/prct/Games/tetris/glad/glad.h">
			<Option target="engine"/>
		</Unit>
		<Unit filename="/home/MIk/prct/Games/tetris/main.cxx">
			<Option target="game"/>
		</Unit>
		<Unit filename="/home/MIk/prct/Games/tetris/shader_gl_es20.cxx">
			<Option target="engine"/>
		</Unit>
		<Unit filename="/home/MIk/prct/Games/tetris/shader_gl_es20.hxx">
			<Option target="engine"/>
		</Unit>
		<Unit filename="/home/MIk/prct/Games/tetris/stb_image.h">
			<Option target="engine"/>
		</Unit>
		<Unit filename="/home/MIk/prct/Games/tetris/texture_gl_es20.cxx">
			<Option target="engine"/>
		</Unit>
		<Unit filename="/home/MIk/prct/Games/tetris/texture_gl_es20.hxx">
			<Option target="engine"/>
		</Unit>
		<Unit filename="/home/MIk/prct/Games/tetris/vertex_buffer_impl.cxx">
			<Option target="engine"/>
		</Unit>
		<Unit filename="/home/MIk/prct/Games/tetris/vertex_buffer_impl.hxx">
			<Option target="engine"/>
		</Unit>
		<Unit filename="/home/MIk/prct/Games/tetris/CMakeLists.txt">
			<Option virtualFolder="CMake Files\"/>
		</Unit>
		<Unit filename="/home/MIk/prct/Games/tetris/../../../../../usr/local/lib/cmake/SDL2/sdl2-config.cmake">
			<Option virtualFolder="CMake Files\..\..\..\..\..\usr\local\lib\cmake\SDL2\"/>
		</Unit>
	</Project>
</CodeBlocks_project_file>
